
Microsoft Visual Studio Solution File, Format Version 12.00
# Visual Studio Version 17
VisualStudioVersion = 17.4.33122.133
MinimumVisualStudioVersion = 10.0.40219.1
Project("{2150E333-8FDC-42A3-9474-1A3956D46DE8}") = "Microservices", "Microservices", "{A2F908C4-A1EC-4CB8-A476-0E3EAD485C84}"
EndProject
Project("{2150E333-8FDC-42A3-9474-1A3956D46DE8}") = "Gateway", "Gateway", "{A45E54A8-C1FB-4ECF-89B8-E9E1D427F9E5}"
EndProject
Project("{9A19103F-16F7-4668-BE54-9A1E7A4F7556}") = "Contact.Microservice", "Microservices\Contact.Microservice\Contact.Microservice.csproj", "{1667E212-8A5C-4715-A671-04E134148847}"
EndProject
Project("{9A19103F-16F7-4668-BE54-9A1E7A4F7556}") = "Report.Microservice", "Microservices\Report.Microservice\Report.Microservice.csproj", "{13F77FDF-2369-4A91-8986-CBA368DEFCE8}"
EndProject
Project("{9A19103F-16F7-4668-BE54-9A1E7A4F7556}") = "Gateway.WebAPI", "Gateway\Gateway.WebAPI\Gateway.WebAPI.csproj", "{C2E3F631-3ED9-44DA-8AE0-C694E5958AA8}"
EndProject
Project("{2150E333-8FDC-42A3-9474-1A3956D46DE8}") = "Shared", "Shared", "{E6BE7FB1-68CD-426D-AC4D-045B1CF57577}"
EndProject
Project("{9A19103F-16F7-4668-BE54-9A1E7A4F7556}") = "Shared.Models", "Shared\Shared.Models\Shared.Models.csproj", "{4D66E8CD-5D9E-48A2-9E22-16F297CC7F8F}"
EndProject
Project("{2150E333-8FDC-42A3-9474-1A3956D46DE8}") = "Test", "Test", "{D6A71FEA-F9F7-4472-8265-FBE3E3EDA6FF}"
EndProject
Project("{FAE04EC0-301F-11D3-BF4B-00C04F79EFBC}") = "UnitTests", "Test\UnitTests\UnitTests.csproj", "{A8F4257F-79DD-454F-A6D2-7BE6E1AEA745}"
EndProject
Global
	GlobalSection(SolutionConfigurationPlatforms) = preSolution
		Debug|Any CPU = Debug|Any CPU
		Release|Any CPU = Release|Any CPU
	EndGlobalSection
	GlobalSection(ProjectConfigurationPlatforms) = postSolution
		{1667E212-8A5C-4715-A671-04E134148847}.Debug|Any CPU.ActiveCfg = Debug|Any CPU
		{1667E212-8A5C-4715-A671-04E134148847}.Debug|Any CPU.Build.0 = Debug|Any CPU
		{1667E212-8A5C-4715-A671-04E134148847}.Release|Any CPU.ActiveCfg = Release|Any CPU
		{1667E212-8A5C-4715-A671-04E134148847}.Release|Any CPU.Build.0 = Release|Any CPU
		{13F77FDF-2369-4A91-8986-CBA368DEFCE8}.Debug|Any CPU.ActiveCfg = Debug|Any CPU
		{13F77FDF-2369-4A91-8986-CBA368DEFCE8}.Debug|Any CPU.Build.0 = Debug|Any CPU
		{13F77FDF-2369-4A91-8986-CBA368DEFCE8}.Release|Any CPU.ActiveCfg = Release|Any CPU
		{13F77FDF-2369-4A91-8986-CBA368DEFCE8}.Release|Any CPU.Build.0 = Release|Any CPU
		{C2E3F631-3ED9-44DA-8AE0-C694E5958AA8}.Debug|Any CPU.ActiveCfg = Debug|Any CPU
		{C2E3F631-3ED9-44DA-8AE0-C694E5958AA8}.Debug|Any CPU.Build.0 = Debug|Any CPU
		{C2E3F631-3ED9-44DA-8AE0-C694E5958AA8}.Release|Any CPU.ActiveCfg = Release|Any CPU
		{C2E3F631-3ED9-44DA-8AE0-C694E5958AA8}.Release|Any CPU.Build.0 = Release|Any CPU
		{4D66E8CD-5D9E-48A2-9E22-16F297CC7F8F}.Debug|Any CPU.ActiveCfg = Debug|Any CPU
		{4D66E8CD-5D9E-48A2-9E22-16F297CC7F8F}.Debug|Any CPU.Build.0 = Debug|Any CPU
		{4D66E8CD-5D9E-48A2-9E22-16F297CC7F8F}.Release|Any CPU.ActiveCfg = Release|Any CPU
		{4D66E8CD-5D9E-48A2-9E22-16F297CC7F8F}.Release|Any CPU.Build.0 = Release|Any CPU
		{A8F4257F-79DD-454F-A6D2-7BE6E1AEA745}.Debug|Any CPU.ActiveCfg = Debug|Any CPU
		{A8F4257F-79DD-454F-A6D2-7BE6E1AEA745}.Debug|Any CPU.Build.0 = Debug|Any CPU
		{A8F4257F-79DD-454F-A6D2-7BE6E1AEA745}.Release|Any CPU.ActiveCfg = Release|Any CPU
		{A8F4257F-79DD-454F-A6D2-7BE6E1AEA745}.Release|Any CPU.Build.0 = Release|Any CPU
	EndGlobalSection
	GlobalSection(SolutionProperties) = preSolution
		HideSolutionNode = FALSE
	EndGlobalSection
	GlobalSection(NestedProjects) = preSolution
		{1667E212-8A5C-4715-A671-04E134148847} = {A2F908C4-A1EC-4CB8-A476-0E3EAD485C84}
		{13F77FDF-2369-4A91-8986-CBA368DEFCE8} = {A2F908C4-A1EC-4CB8-A476-0E3EAD485C84}
		{C2E3F631-3ED9-44DA-8AE0-C694E5958AA8} = {A45E54A8-C1FB-4ECF-89B8-E9E1D427F9E5}
		{4D66E8CD-5D9E-48A2-9E22-16F297CC7F8F} = {E6BE7FB1-68CD-426D-AC4D-045B1CF57577}
		{A8F4257F-79DD-454F-A6D2-7BE6E1AEA745} = {D6A71FEA-F9F7-4472-8265-FBE3E3EDA6FF}
	EndGlobalSection
	GlobalSection(ExtensibilityGlobals) = postSolution
		SolutionGuid = {CE09E9FF-49C9-4656-ACFF-F083C6B1E3E2}
	EndGlobalSection
EndGlobal
